{
  "name": "exante",
  "version": "1.0.0",
  "lockfileVersion": 1,
  "requires": true,
  "dependencies": {
    "data-uri-to-buffer": {
      "version": "3.0.1",
      "resolved": "https://registry.npmjs.org/data-uri-to-buffer/-/data-uri-to-buffer-3.0.1.tgz",
      "integrity": "sha512-WboRycPNsVw3B3TL559F7kuBUM4d8CgMEvk6xEJlOp7OBPjt6G7z8WMWlD2rOFZLk6OYfFIUGsCOWzcQH9K2og=="
    },
    "fetch-blob": {
      "version": "2.1.1",
      "resolved": "https://registry.npmjs.org/fetch-blob/-/fetch-blob-2.1.1.tgz",
      "integrity": "sha512-Uf+gxPCe1hTOFXwkxYyckn8iUSk6CFXGy5VENZKifovUTZC9eUODWSBhOBS7zICGrAetKzdwLMr85KhIcePMAQ=="
    },
    "node-fetch": {
      "version": "3.0.0-beta.8",
      "resolved": "https://registry.npmjs.org/node-fetch/-/node-fetch-3.0.0-beta.8.tgz",
      "integrity": "sha512-1zOowjOC39Wgo0Q9GDI1F24XKKkyQQuOL3UCWv8MBcqx/IHlj8A9ioxzbNlKogRS8+osL2bUjn/leT/XRmy/XA==",
      "requires": {
        "data-uri-to-buffer": "^3.0.1",
        "fetch-blob": "^2.0.0"
      }
    }
  }
}
